
Microsoft Visual Studio Solution File, Format Version 12.00
# Visual Studio 15
VisualStudioVersion = 15.0.27428.2011
MinimumVisualStudioVersion = 10.0.40219.1
Project("{FAE04EC0-301F-11D3-BF4B-00C04F79EFBC}") = "TmdbScheduler", "TmdbScheduler\TmdbScheduler.csproj", "{E56F6CA5-EEB6-495D-ABB7-5069D89CCFB3}"
EndProject
Global
	GlobalSection(SolutionConfigurationPlatforms) = preSolution
		Debug|Any CPU = Debug|Any CPU
		Release|Any CPU = Release|Any CPU
	EndGlobalSection
	GlobalSection(ProjectConfigurationPlatforms) = postSolution
		{E56F6CA5-EEB6-495D-ABB7-5069D89CCFB3}.Debug|Any CPU.ActiveCfg = Debug|Any CPU
		{E56F6CA5-EEB6-495D-ABB7-5069D89CCFB3}.Debug|Any CPU.Build.0 = Debug|Any CPU
		{E56F6CA5-EEB6-495D-ABB7-5069D89CCFB3}.Release|Any CPU.ActiveCfg = Release|Any CPU
		{E56F6CA5-EEB6-495D-ABB7-5069D89CCFB3}.Release|Any CPU.Build.0 = Release|Any CPU
	EndGlobalSection
	GlobalSection(SolutionProperties) = preSolution
		HideSolutionNode = FALSE
	EndGlobalSection
	GlobalSection(ExtensibilityGlobals) = postSolution
		SolutionGuid = {20176A19-666C-4F0F-AE19-E3563906404C}
	EndGlobalSection
EndGlobal
